<Solution>
  <Folder Name="/src/">
    <Project Path="src/NotificationHub.Api/NotificationHub.Api.csproj" />
    <Project Path="src/NotificationHub.Application/NotificationHub.Application.csproj" />
    <Project Path="src/NotificationHub.Domain/NotificationHub.Domain.csproj" />
    <Project Path="src/NotificationHub.Infrastructure/NotificationHub.Infrastructure.csproj" />
    <Project Path="src/NotificationHub.Worker/NotificationHub.Worker.csproj" />
  </Folder>
  <Folder Name="/tests/">
    <Project Path="tests/NotificationHub.Application.Tests/NotificationHub.Application.Tests.csproj" />
    <Project Path="tests/NotificationHub.Domain.Tests/NotificationHub.Domain.Tests.csproj" />
    <Project Path="tests/NotificationHub.Infrastructure.Tests/NotificationHub.Infrastructure.Tests.csproj" />
  </Folder>
</Solution>
