<Solution>
  <Folder Name="/src/">
    <Project Path="src/NotificationHub.Api/NotificationHub.Api.csproj" />
    <Project Path="src/NotificationHub.Application/NotificationHub.Application.csproj" />
    <Project Path="src/NotificationHub.Infrastructure/NotificationHub.Infrastructure.csproj" />
  </Folder>
</Solution>
